
Microsoft Visual Studio Solution File, Format Version 12.00
# Visual Studio 2013
VisualStudioVersion = 12.0.21005.1
MinimumVisualStudioVersion = 10.0.40219.1
Project("{FAE04EC0-301F-11D3-BF4B-00C04F79EFBC}") = "Xbmcelsk.Lib", "Xbmcelsk.Lib\Xbmcelsk.Lib.csproj", "{1CCB8C46-C654-479F-95B3-1838E3668449}"
EndProject
Project("{FAE04EC0-301F-11D3-BF4B-00C04F79EFBC}") = "Xbmcelsk.Tests", "Xbmcelsk.Tests\Xbmcelsk.Tests.csproj", "{5079B886-FC3A-4A3F-A129-0B2C661CA88E}"
EndProject
Global
	GlobalSection(SolutionConfigurationPlatforms) = preSolution
		Debug|Any CPU = Debug|Any CPU
		Release|Any CPU = Release|Any CPU
	EndGlobalSection
	GlobalSection(ProjectConfigurationPlatforms) = postSolution
		{1CCB8C46-C654-479F-95B3-1838E3668449}.Debug|Any CPU.ActiveCfg = Debug|Any CPU
		{1CCB8C46-C654-479F-95B3-1838E3668449}.Debug|Any CPU.Build.0 = Debug|Any CPU
		{1CCB8C46-C654-479F-95B3-1838E3668449}.Release|Any CPU.ActiveCfg = Release|Any CPU
		{1CCB8C46-C654-479F-95B3-1838E3668449}.Release|Any CPU.Build.0 = Release|Any CPU
		{5079B886-FC3A-4A3F-A129-0B2C661CA88E}.Debug|Any CPU.ActiveCfg = Debug|Any CPU
		{5079B886-FC3A-4A3F-A129-0B2C661CA88E}.Debug|Any CPU.Build.0 = Debug|Any CPU
		{5079B886-FC3A-4A3F-A129-0B2C661CA88E}.Release|Any CPU.ActiveCfg = Release|Any CPU
		{5079B886-FC3A-4A3F-A129-0B2C661CA88E}.Release|Any CPU.Build.0 = Release|Any CPU
	EndGlobalSection
	GlobalSection(SolutionProperties) = preSolution
		HideSolutionNode = FALSE
	EndGlobalSection
EndGlobal
